PODS:
  - AWSAuthCore (2.13.2):
    - AWSCore (= 2.13.2)
  - AWSCognitoIdentityProvider (2.13.2):
    - AWSCognitoIdentityProviderASF (= 1.0.1)
    - AWSCore (= 2.13.2)
  - AWSCognitoIdentityProviderASF (1.0.1)
  - AWSCore (2.13.2)
  - AWSMobileClient (2.13.2):
    - AWSAuthCore (= 2.13.2)
    - AWSCognitoIdentityProvider (= 2.13.2)
  - Branch (0.33.1):
    - Branch/Core (= 0.33.1)
  - Branch/Core (0.33.1)
  - GRDB.swift (4.4.0):
    - GRDB.swift/standard (= 4.4.0)
  - GRDB.swift/standard (4.4.0)
  - HyperTrack (4.0.2-rc.11):
    - GRDB.swift (= 4.4.0)
    - HyperTrack/Swift (= 4.0.2-rc.11)
  - HyperTrack/Swift (4.0.2-rc.11):
    - GRDB.swift (= 4.4.0)

DEPENDENCIES:
  - AWSMobileClient (= 2.13.2)
  - Branch
  - HyperTrack (= 4.0.2-rc.11)

SPEC REPOS:
  https://cdn.cocoapods.org/:
    - GRDB.swift
    - HyperTrack
  trunk:
    - AWSAuthCore
    - AWSCognitoIdentityProvider
    - AWSCognitoIdentityProviderASF
    - AWSCore
    - AWSMobileClient
    - Branch

SPEC CHECKSUMS:
  AWSAuthCore: 890aaf36fa3a913a5948851a576c02456bed4c5b
  AWSCognitoIdentityProvider: 68455a8d170bb6cd0ec17d261da0ab3d623232b0
  AWSCognitoIdentityProviderASF: f94f1a502e72ef3d0a1de93e10bf7a79c8698118
  AWSCore: 8e878a5b1b99cdf3d7df0c1c86be0bfcd6294c11
  AWSMobileClient: bdec2a26617590bd3eece9bf208005bc4682d424
  Branch: 65d05ffb137ef504777cff6bd4fb6f770f17145a
  GRDB.swift: 4f9b6e7efc9470426f6a6de10ec1fee798ff7e43
  HyperTrack: 2a71145c25082a73317ff943b8209d1571cbb70d

PODFILE CHECKSUM: fe40e298b026cf9723a1a3c58dd5d7f121010b6c

COCOAPODS: 1.9.1
