{
  "object": {
    "pins": [
      {
        "package": "combine-schedulers",
        "repositoryURL": "https://github.com/pointfreeco/combine-schedulers",
        "state": {
          "branch": null,
          "revision": "c37e5ae8012fb654af776cc556ff8ae64398c841",
          "version": "0.5.0"
        }
      },
      {
        "package": "Branch",
        "repositoryURL": "https://github.com/BranchMetrics/ios-branch-deep-linking-attribution",
        "state": {
          "branch": null,
          "revision": "08cccfac98ca64b53a666fcf15a7313d66abb141",
          "version": "1.39.4"
        }
      },
      {
        "package": "HyperTrack",
        "repositoryURL": "https://github.com/hypertrack/sdk-ios",
        "state": {
          "branch": null,
          "revision": "26bafa8382ad9ec6ee9a66edc3fff0e5c457b7bc",
          "version": "4.8.0"
        }
      },
      {
        "package": "Sentry",
        "repositoryURL": "https://github.com/getsentry/sentry-cocoa",
        "state": {
          "branch": null,
          "revision": "80928b7e19a713fea798ba45c8bfda38096d7f30",
          "version": "5.2.2"
        }
      },
      {
        "package": "swift-case-paths",
        "repositoryURL": "https://github.com/pointfreeco/swift-case-paths",
        "state": {
          "branch": null,
          "revision": "d226d167bd4a68b51e352af5655c92bce8ee0463",
          "version": "0.7.0"
        }
      },
      {
        "package": "swift-collections",
        "repositoryURL": "https://github.com/apple/swift-collections",
        "state": {
          "branch": null,
          "revision": "0959ba76a1d4a98fd11163aa83fd49c25b93bfae",
          "version": "0.0.5"
        }
      },
      {
        "package": "swift-composable-architecture",
        "repositoryURL": "https://github.com/pointfreeco/swift-composable-architecture",
        "state": {
          "branch": null,
          "revision": "4223ffbf97cfe030617b95b713bb5d6b6503567d",
          "version": "0.23.0"
        }
      },
      {
        "package": "swift-identified-collections",
        "repositoryURL": "https://github.com/pointfreeco/swift-identified-collections",
        "state": {
          "branch": null,
          "revision": "edececbdb56b07e9402f2f3f5b907d220a28b4ea",
          "version": "0.1.1"
        }
      },
      {
        "package": "swift-nonempty",
        "repositoryURL": "https://github.com/pointfreeco/swift-nonempty",
        "state": {
          "branch": null,
          "revision": "a3dbd05f2b57cb0ea1b8138a720fc28a1629ca06",
          "version": "0.3.1"
        }
      },
      {
        "package": "Tagged",
        "repositoryURL": "https://github.com/pointfreeco/swift-tagged",
        "state": {
          "branch": null,
          "revision": "592e1eb4255c571ebffc29955011e352217501b4",
          "version": "0.5.0"
        }
      },
      {
        "package": "Validated",
        "repositoryURL": "https://github.com/pointfreeco/swift-validated.git",
        "state": {
          "branch": null,
          "revision": "e9685ce68943c9e9d26f9f999c64823dea3ef0e7",
          "version": "0.2.1"
        }
      },
      {
        "package": "xctest-dynamic-overlay",
        "repositoryURL": "https://github.com/pointfreeco/xctest-dynamic-overlay",
        "state": {
          "branch": null,
          "revision": "603974e3909ad4b48ba04aad7e0ceee4f077a518",
          "version": "0.1.0"
        }
      }
    ]
  },
  "version": 1
}
