{
  "object": {
    "pins": [
      {
        "package": "combine-schedulers",
        "repositoryURL": "https://github.com/pointfreeco/combine-schedulers",
        "state": {
          "branch": null,
          "revision": "c37e5ae8012fb654af776cc556ff8ae64398c841",
          "version": "0.5.0"
        }
      },
      {
        "package": "Branch",
        "repositoryURL": "https://github.com/BranchMetrics/ios-branch-deep-linking-attribution",
        "state": {
          "branch": null,
          "revision": "08cccfac98ca64b53a666fcf15a7313d66abb141",
          "version": "1.39.4"
        }
      },
      {
        "package": "HyperTrack",
        "repositoryURL": "https://github.com/hypertrack/sdk-ios",
        "state": {
          "branch": null,
          "revision": "26bafa8382ad9ec6ee9a66edc3fff0e5c457b7bc",
          "version": "4.8.0"
        }
      },
      {
        "package": "Sentry",
        "repositoryURL": "https://github.com/getsentry/sentry-cocoa",
        "state": {
          "branch": null,
          "revision": "80928b7e19a713fea798ba45c8bfda38096d7f30",
          "version": "5.2.2"
        }
      },
      {
        "package": "swift-case-paths",
        "repositoryURL": "https://github.com/pointfreeco/swift-case-paths",
        "state": {
          "branch": null,
          "revision": "d226d167bd4a68b51e352af5655c92bce8ee0463",
          "version": "0.7.0"
        }
      },
      {
        "package": "swift-collections",
        "repositoryURL": "https://github.com/apple/swift-collections",
        "state": {
          "branch": null,
          "revision": "2d33a0ea89c961dcb2b3da2157963d9c0370347e",
          "version": "1.0.1"
        }
      },
      {
        "package": "swift-composable-architecture",
        "repositoryURL": "https://github.com/pointfreeco/swift-composable-architecture",
        "state": {
          "branch": null,
          "revision": "0a39f4c7a33eb71baef936fb5d6e249c49961eb8",
          "version": "0.28.0"
        }
      },
      {
        "package": "swift-custom-dump",
        "repositoryURL": "https://github.com/pointfreeco/swift-custom-dump",
        "state": {
          "branch": null,
          "revision": "1a2947d25d43e295c6f5e83f54696d590620b364",
          "version": "0.1.3"
        }
      },
      {
        "package": "swift-identified-collections",
        "repositoryURL": "https://github.com/pointfreeco/swift-identified-collections",
        "state": {
          "branch": null,
          "revision": "c8e6a40209650ab619853cd4ce89a0aa51792754",
          "version": "0.3.0"
        }
      },
      {
        "package": "swift-nonempty",
        "repositoryURL": "https://github.com/pointfreeco/swift-nonempty",
        "state": {
          "branch": null,
          "revision": "a3dbd05f2b57cb0ea1b8138a720fc28a1629ca06",
          "version": "0.3.1"
        }
      },
      {
        "package": "swift-tagged",
        "repositoryURL": "https://github.com/pointfreeco/swift-tagged",
        "state": {
          "branch": null,
          "revision": "6c36cf66f58553d0481a2628e3e27177f698a897",
          "version": "0.6.0"
        }
      },
      {
        "package": "Validated",
        "repositoryURL": "https://github.com/pointfreeco/swift-validated.git",
        "state": {
          "branch": null,
          "revision": "e9685ce68943c9e9d26f9f999c64823dea3ef0e7",
          "version": "0.2.1"
        }
      },
      {
        "package": "xctest-dynamic-overlay",
        "repositoryURL": "https://github.com/pointfreeco/xctest-dynamic-overlay",
        "state": {
          "branch": null,
          "revision": "50a70a9d3583fe228ce672e8923010c8df2deddd",
          "version": "0.2.1"
        }
      }
    ]
  },
  "version": 1
}
