// !$*UTF8*$!
{
	archiveVersion = 1;
	classes = {
	};
	objectVersion = 52;
	objects = {

/* Begin PBXBuildFile section */
		31072BA62549F8F900ECBA34 /* Store.swift in Sources */ = {isa = PBXBuildFile; fileRef = 31072BA52549F8F900ECBA34 /* Store.swift */; };
		31072BAF254A0EA500ECBA34 /* Architecture in Frameworks */ = {isa = PBXBuildFile; productRef = 31072BAE254A0EA500ECBA34 /* Architecture */; };
		3161D1252512A2B500AAFCCD /* AppDelegate.swift in Sources */ = {isa = PBXBuildFile; fileRef = 3161D1242512A2B500AAFCCD /* AppDelegate.swift */; };
		3161D1272512A2B500AAFCCD /* SceneDelegate.swift in Sources */ = {isa = PBXBuildFile; fileRef = 3161D1262512A2B500AAFCCD /* SceneDelegate.swift */; };
		3161D12B2512A2B700AAFCCD /* Assets.xcassets in Resources */ = {isa = PBXBuildFile; fileRef = 3161D12A2512A2B700AAFCCD /* Assets.xcassets */; };
		3161D12E2512A2B700AAFCCD /* Preview Assets.xcassets in Resources */ = {isa = PBXBuildFile; fileRef = 3161D12D2512A2B700AAFCCD /* Preview Assets.xcassets */; };
		3161D1312512A2B700AAFCCD /* LaunchScreen.storyboard in Resources */ = {isa = PBXBuildFile; fileRef = 3161D12F2512A2B700AAFCCD /* LaunchScreen.storyboard */; };
		3161D13C2512A2B700AAFCCD /* VisitsTests.swift in Sources */ = {isa = PBXBuildFile; fileRef = 3161D13B2512A2B700AAFCCD /* VisitsTests.swift */; };
		3161D1732512AE7900AAFCCD /* ComposableArchitecture in Frameworks */ = {isa = PBXBuildFile; productRef = 3161D1722512AE7900AAFCCD /* ComposableArchitecture */; };
		316E08EC2587F6B600CE8FA4 /* UIAppearance.swift in Sources */ = {isa = PBXBuildFile; fileRef = 316E08EB2587F6B600CE8FA4 /* UIAppearance.swift */; };
		318E586E25476B9700EAA61A /* AppLive in Frameworks */ = {isa = PBXBuildFile; productRef = 318E586D25476B9700EAA61A /* AppLive */; };
		319453BA254835D400D86A04 /* AppScreen in Frameworks */ = {isa = PBXBuildFile; productRef = 319453B9254835D400D86A04 /* AppScreen */; };
		319453CE2548602400D86A04 /* AppAdapter in Frameworks */ = {isa = PBXBuildFile; productRef = 319453CD2548602400D86A04 /* AppAdapter */; };
		319453D52548674E00D86A04 /* Prelude in Frameworks */ = {isa = PBXBuildFile; productRef = 319453D42548674E00D86A04 /* Prelude */; };
		319453D62548674E00D86A04 /* Prelude in Embed Frameworks */ = {isa = PBXBuildFile; productRef = 319453D42548674E00D86A04 /* Prelude */; settings = {ATTRIBUTES = (CodeSignOnCopy, ); }; };
		31AC38832545CD4C00D29345 /* App in Frameworks */ = {isa = PBXBuildFile; productRef = 31AC38822545CD4C00D29345 /* App */; };
		31E1752A255AF9AB00DF5219 /* HyperTrack in Frameworks */ = {isa = PBXBuildFile; productRef = 31E17529255AF9AB00DF5219 /* HyperTrack */; };
/* End PBXBuildFile section */

/* Begin PBXContainerItemProxy section */
		3161D1382512A2B700AAFCCD /* PBXContainerItemProxy */ = {
			isa = PBXContainerItemProxy;
			containerPortal = 3161D1192512A2B500AAFCCD /* Project object */;
			proxyType = 1;
			remoteGlobalIDString = 3161D1202512A2B500AAFCCD;
			remoteInfo = Visits;
		};
/* End PBXContainerItemProxy section */

/* Begin PBXCopyFilesBuildPhase section */
		3176B587254049B4002E41C2 /* Embed Frameworks */ = {
			isa = PBXCopyFilesBuildPhase;
			buildActionMask = 2147483647;
			dstPath = "";
			dstSubfolderSpec = 10;
			files = (
				319453D62548674E00D86A04 /* Prelude in Embed Frameworks */,
			);
			name = "Embed Frameworks";
			runOnlyForDeploymentPostprocessing = 0;
		};
/* End PBXCopyFilesBuildPhase section */

/* Begin PBXFileReference section */
		31072B932548BB9000ECBA34 /* DeepLinkEnvironment */ = {isa = PBXFileReference; lastKnownFileType = folder; name = DeepLinkEnvironment; path = Visits/Dependency/DeepLinkEnvironment; sourceTree = SOURCE_ROOT; };
		31072BA52549F8F900ECBA34 /* Store.swift */ = {isa = PBXFileReference; lastKnownFileType = sourcecode.swift; path = Store.swift; sourceTree = "<group>"; };
		31072BAB254A0DF800ECBA34 /* Architecture */ = {isa = PBXFileReference; lastKnownFileType = folder; name = Architecture; path = Visits/Dependency/Architecture; sourceTree = SOURCE_ROOT; };
		31072BB7254AAE7D00ECBA34 /* DeepLink */ = {isa = PBXFileReference; lastKnownFileType = folder; path = DeepLink; sourceTree = "<group>"; };
		31072BBB254BF54300ECBA34 /* SignInScreen */ = {isa = PBXFileReference; lastKnownFileType = folder; path = SignInScreen; sourceTree = "<group>"; };
		31072BCA254C60E300ECBA34 /* DriverIDScreen */ = {isa = PBXFileReference; lastKnownFileType = folder; path = DriverIDScreen; sourceTree = "<group>"; };
		31072BCD254C765B00ECBA34 /* BlockerScreen */ = {isa = PBXFileReference; lastKnownFileType = folder; path = BlockerScreen; sourceTree = "<group>"; };
		31072BD3254DEEAE00ECBA34 /* ManualVisitsStatus */ = {isa = PBXFileReference; lastKnownFileType = text; name = ManualVisitsStatus; path = Visits/Screen/ManualVisitsStatus; sourceTree = SOURCE_ROOT; };
		3117579C25702B51004CB568 /* Log */ = {isa = PBXFileReference; lastKnownFileType = folder; path = Log; sourceTree = "<group>"; };
		311E240C25594D6F002A122E /* VisitScreen */ = {isa = PBXFileReference; lastKnownFileType = folder; path = VisitScreen; sourceTree = "<group>"; };
		31466FD02551EBB600247BDA /* DeviceID */ = {isa = PBXFileReference; lastKnownFileType = folder; path = DeviceID; sourceTree = "<group>"; };
		31466FD32551F8A000247BDA /* Credentials */ = {isa = PBXFileReference; lastKnownFileType = folder; path = Credentials; sourceTree = "<group>"; };
		31466FD82552EF4900247BDA /* StateRestorationEnvironment */ = {isa = PBXFileReference; lastKnownFileType = folder; path = StateRestorationEnvironment; sourceTree = "<group>"; };
		3148A8552587BDF100F61453 /* MapScreen */ = {isa = PBXFileReference; lastKnownFileType = folder; path = MapScreen; sourceTree = "<group>"; };
		314A14D5254FEF2B0061892F /* Visit */ = {isa = PBXFileReference; lastKnownFileType = folder; path = Visit; sourceTree = "<group>"; };
		314A14D9255069070061892F /* Coordinate */ = {isa = PBXFileReference; lastKnownFileType = folder; path = Coordinate; sourceTree = "<group>"; };
		315EAEA1255C85A10038F304 /* AWSAuthCore.framework */ = {isa = PBXFileReference; lastKnownFileType = wrapper.framework; name = AWSAuthCore.framework; path = Carthage/Build/iOS/AWSAuthCore.framework; sourceTree = "<group>"; };
		315EAEA2255C85A10038F304 /* AWSMobileClient.framework */ = {isa = PBXFileReference; lastKnownFileType = wrapper.framework; name = AWSMobileClient.framework; path = Carthage/Build/iOS/AWSMobileClient.framework; sourceTree = "<group>"; };
		315EAEA3255C85A10038F304 /* AWSCognitoIdentityProviderASF.framework */ = {isa = PBXFileReference; lastKnownFileType = wrapper.framework; name = AWSCognitoIdentityProviderASF.framework; path = Carthage/Build/iOS/AWSCognitoIdentityProviderASF.framework; sourceTree = "<group>"; };
		315EAEA4255C85A10038F304 /* AWSCognitoIdentityProvider.framework */ = {isa = PBXFileReference; lastKnownFileType = wrapper.framework; name = AWSCognitoIdentityProvider.framework; path = Carthage/Build/iOS/AWSCognitoIdentityProvider.framework; sourceTree = "<group>"; };
		315EAEA5255C85A10038F304 /* AWSCore.framework */ = {isa = PBXFileReference; lastKnownFileType = wrapper.framework; name = AWSCore.framework; path = Carthage/Build/iOS/AWSCore.framework; sourceTree = "<group>"; };
		3161D1212512A2B500AAFCCD /* Visits.app */ = {isa = PBXFileReference; explicitFileType = wrapper.application; includeInIndex = 0; path = Visits.app; sourceTree = BUILT_PRODUCTS_DIR; };
		3161D1242512A2B500AAFCCD /* AppDelegate.swift */ = {isa = PBXFileReference; lastKnownFileType = sourcecode.swift; path = AppDelegate.swift; sourceTree = "<group>"; };
		3161D1262512A2B500AAFCCD /* SceneDelegate.swift */ = {isa = PBXFileReference; lastKnownFileType = sourcecode.swift; path = SceneDelegate.swift; sourceTree = "<group>"; };
		3161D12A2512A2B700AAFCCD /* Assets.xcassets */ = {isa = PBXFileReference; lastKnownFileType = folder.assetcatalog; path = Assets.xcassets; sourceTree = "<group>"; };
		3161D12D2512A2B700AAFCCD /* Preview Assets.xcassets */ = {isa = PBXFileReference; lastKnownFileType = folder.assetcatalog; path = "Preview Assets.xcassets"; sourceTree = "<group>"; };
		3161D1302512A2B700AAFCCD /* Base */ = {isa = PBXFileReference; lastKnownFileType = file.storyboard; name = Base; path = Base.lproj/LaunchScreen.storyboard; sourceTree = "<group>"; };
		3161D1322512A2B700AAFCCD /* Info.plist */ = {isa = PBXFileReference; lastKnownFileType = text.plist.xml; path = Info.plist; sourceTree = "<group>"; };
		3161D1372512A2B700AAFCCD /* VisitsTests.xctest */ = {isa = PBXFileReference; explicitFileType = wrapper.cfbundle; includeInIndex = 0; path = VisitsTests.xctest; sourceTree = BUILT_PRODUCTS_DIR; };
		3161D13B2512A2B700AAFCCD /* VisitsTests.swift */ = {isa = PBXFileReference; lastKnownFileType = sourcecode.swift; path = VisitsTests.swift; sourceTree = "<group>"; };
		3161D13D2512A2B700AAFCCD /* Info.plist */ = {isa = PBXFileReference; lastKnownFileType = text.plist.xml; path = Info.plist; sourceTree = "<group>"; };
		3161D16C2512A65100AAFCCD /* Visits.entitlements */ = {isa = PBXFileReference; lastKnownFileType = text.plist.entitlements; path = Visits.entitlements; sourceTree = "<group>"; };
		316AA8642547FFBA00FC3D55 /* AppScreen */ = {isa = PBXFileReference; lastKnownFileType = folder; path = AppScreen; sourceTree = "<group>"; };
		316E08EB2587F6B600CE8FA4 /* UIAppearance.swift */ = {isa = PBXFileReference; lastKnownFileType = sourcecode.swift; path = UIAppearance.swift; sourceTree = "<group>"; };
		3189AFB2256D98FE00A081C0 /* History */ = {isa = PBXFileReference; lastKnownFileType = folder; path = History; sourceTree = "<group>"; };
		318E585C2546B7EA00EAA61A /* PublishableKey */ = {isa = PBXFileReference; lastKnownFileType = folder; path = PublishableKey; sourceTree = "<group>"; };
		318E585E2546BA7200EAA61A /* DriverID */ = {isa = PBXFileReference; lastKnownFileType = folder; path = DriverID; sourceTree = "<group>"; };
		319453CB2548417700D86A04 /* AppAdapter */ = {isa = PBXFileReference; lastKnownFileType = folder; name = AppAdapter; path = Visits/Adapter/AppAdapter; sourceTree = SOURCE_ROOT; };
		31AC38802545CCE500D29345 /* App */ = {isa = PBXFileReference; lastKnownFileType = folder; path = App; sourceTree = "<group>"; };
		31B262E52575835A00280DDF /* TabSelection */ = {isa = PBXFileReference; lastKnownFileType = folder; path = TabSelection; sourceTree = "<group>"; };
		31B7A37A257E84F200EE5C65 /* GeoJSON */ = {isa = PBXFileReference; lastKnownFileType = folder; path = GeoJSON; sourceTree = "<group>"; };
		31B7CB3D25B9FC8D00CBDF95 /* PushStatus */ = {isa = PBXFileReference; lastKnownFileType = folder; name = PushStatus; path = ../../../../../../../Volumes/970EVO/Source/PushStatus; sourceTree = "<group>"; };
		31E1752C255BFF3A00DF5219 /* PasteboardEnvironment */ = {isa = PBXFileReference; lastKnownFileType = folder; path = PasteboardEnvironment; sourceTree = "<group>"; };
		31E1752F255C028600DF5219 /* MapEnvironment */ = {isa = PBXFileReference; lastKnownFileType = folder; path = MapEnvironment; sourceTree = "<group>"; };
		31E17532255C098200DF5219 /* HapticFeedbackEnvironment */ = {isa = PBXFileReference; lastKnownFileType = folder; path = HapticFeedbackEnvironment; sourceTree = "<group>"; };
		31E17537255C3C9D00DF5219 /* APIEnvironment */ = {isa = PBXFileReference; lastKnownFileType = folder; path = APIEnvironment; sourceTree = "<group>"; };
		31E17539255C4C3000DF5219 /* AWSMobileClient.framework */ = {isa = PBXFileReference; lastKnownFileType = wrapper.framework; name = AWSMobileClient.framework; path = "../../../Downloads/aws-ios-sdk-2.19.0/frameworks/AWSMobileClient.framework"; sourceTree = "<group>"; };
		31E1753D255C4C8B00DF5219 /* AWSCognitoIdentityProviderASF.framework */ = {isa = PBXFileReference; lastKnownFileType = wrapper.framework; name = AWSCognitoIdentityProviderASF.framework; path = "../../../Downloads/aws-ios-sdk-2.19.0/frameworks/AWSCognitoIdentityProviderASF.framework"; sourceTree = "<group>"; };
		31E1753E255C4C8B00DF5219 /* AWSCognitoIdentityProvider.framework */ = {isa = PBXFileReference; lastKnownFileType = wrapper.framework; name = AWSCognitoIdentityProvider.framework; path = "../../../Downloads/aws-ios-sdk-2.19.0/frameworks/AWSCognitoIdentityProvider.framework"; sourceTree = "<group>"; };
		31E1753F255C4C8B00DF5219 /* AWSCore.framework */ = {isa = PBXFileReference; lastKnownFileType = wrapper.framework; name = AWSCore.framework; path = "../../../Downloads/aws-ios-sdk-2.19.0/frameworks/AWSCore.framework"; sourceTree = "<group>"; };
		31E17540255C4C8B00DF5219 /* AWSAuthCore.framework */ = {isa = PBXFileReference; lastKnownFileType = wrapper.framework; name = AWSAuthCore.framework; path = "../../../Downloads/aws-ios-sdk-2.19.0/frameworks/AWSAuthCore.framework"; sourceTree = "<group>"; };
		31E1754B255C4D0A00DF5219 /* AWSCognitoIdentityProviderASF.framework */ = {isa = PBXFileReference; lastKnownFileType = wrapper.framework; name = AWSCognitoIdentityProviderASF.framework; path = AWS/AWSCognitoIdentityProviderASF.framework; sourceTree = "<group>"; };
		31E1754C255C4D0A00DF5219 /* AWSCore.framework */ = {isa = PBXFileReference; lastKnownFileType = wrapper.framework; name = AWSCore.framework; path = AWS/AWSCore.framework; sourceTree = "<group>"; };
		31E1754D255C4D0A00DF5219 /* AWSMobileClient.framework */ = {isa = PBXFileReference; lastKnownFileType = wrapper.framework; name = AWSMobileClient.framework; path = AWS/AWSMobileClient.framework; sourceTree = "<group>"; };
		31E1754E255C4D0A00DF5219 /* AWSCognitoIdentityProvider.framework */ = {isa = PBXFileReference; lastKnownFileType = wrapper.framework; name = AWSCognitoIdentityProvider.framework; path = AWS/AWSCognitoIdentityProvider.framework; sourceTree = "<group>"; };
		31E1754F255C4D0A00DF5219 /* AWSAuthCore.framework */ = {isa = PBXFileReference; lastKnownFileType = wrapper.framework; name = AWSAuthCore.framework; path = AWS/AWSAuthCore.framework; sourceTree = "<group>"; };
		31F0724D2553E75F002A7A53 /* RestorationState */ = {isa = PBXFileReference; lastKnownFileType = folder; path = RestorationState; sourceTree = "<group>"; };
		31F072512553EBFE002A7A53 /* NetworkEnvironment */ = {isa = PBXFileReference; lastKnownFileType = folder; path = NetworkEnvironment; sourceTree = "<group>"; };
		31F072562554091F002A7A53 /* HyperTrackEnvironment */ = {isa = PBXFileReference; lastKnownFileType = folder; path = HyperTrackEnvironment; sourceTree = "<group>"; };
		31F0725C2555E5E2002A7A53 /* SDK */ = {isa = PBXFileReference; lastKnownFileType = folder; path = SDK; sourceTree = "<group>"; };
		31F0726525592399002A7A53 /* VisitsScreen */ = {isa = PBXFileReference; lastKnownFileType = folder; path = VisitsScreen; sourceTree = "<group>"; };
		31F2E95A251BD2520081C9BE /* DeepLinkScreen */ = {isa = PBXFileReference; lastKnownFileType = folder; path = DeepLinkScreen; sourceTree = "<group>"; };
		31F4CC0C25BF2CBF00F6BBE8 /* PushEnvironment */ = {isa = PBXFileReference; lastKnownFileType = folder; path = PushEnvironment; sourceTree = "<group>"; };
		31FA078E25657969008B84F4 /* LoadingScreen */ = {isa = PBXFileReference; lastKnownFileType = folder; path = LoadingScreen; sourceTree = "<group>"; };
/* End PBXFileReference section */

/* Begin PBXFrameworksBuildPhase section */
		3161D11E2512A2B500AAFCCD /* Frameworks */ = {
			isa = PBXFrameworksBuildPhase;
			buildActionMask = 2147483647;
			files = (
				318E586E25476B9700EAA61A /* AppLive in Frameworks */,
				319453D52548674E00D86A04 /* Prelude in Frameworks */,
				31AC38832545CD4C00D29345 /* App in Frameworks */,
				319453BA254835D400D86A04 /* AppScreen in Frameworks */,
				319453CE2548602400D86A04 /* AppAdapter in Frameworks */,
				3161D1732512AE7900AAFCCD /* ComposableArchitecture in Frameworks */,
				31072BAF254A0EA500ECBA34 /* Architecture in Frameworks */,
				31E1752A255AF9AB00DF5219 /* HyperTrack in Frameworks */,
			);
			runOnlyForDeploymentPostprocessing = 0;
		};
		3161D1342512A2B700AAFCCD /* Frameworks */ = {
			isa = PBXFrameworksBuildPhase;
			buildActionMask = 2147483647;
			files = (
			);
			runOnlyForDeploymentPostprocessing = 0;
		};
/* End PBXFrameworksBuildPhase section */

/* Begin PBXGroup section */
		3161D1182512A2B500AAFCCD = {
			isa = PBXGroup;
			children = (
				3161D1232512A2B500AAFCCD /* Visits */,
				3161D13A2512A2B700AAFCCD /* VisitsTests */,
				3161D1222512A2B500AAFCCD /* Products */,
				31F2E95D251BD2FF0081C9BE /* Frameworks */,
			);
			sourceTree = "<group>";
		};
		3161D1222512A2B500AAFCCD /* Products */ = {
			isa = PBXGroup;
			children = (
				3161D1212512A2B500AAFCCD /* Visits.app */,
				3161D1372512A2B700AAFCCD /* VisitsTests.xctest */,
			);
			name = Products;
			sourceTree = "<group>";
		};
		3161D1232512A2B500AAFCCD /* Visits */ = {
			isa = PBXGroup;
			children = (
				319453C225483FB500D86A04 /* Types */,
				316AA86625480B0C00FC3D55 /* Screen */,
				316AA86925480B2800FC3D55 /* Logic */,
				316AA86A25480B3B00FC3D55 /* Dependency */,
				319453C025483F8600D86A04 /* Adapter */,
				3161D16C2512A65100AAFCCD /* Visits.entitlements */,
				3161D1242512A2B500AAFCCD /* AppDelegate.swift */,
				316E08EB2587F6B600CE8FA4 /* UIAppearance.swift */,
				3161D1262512A2B500AAFCCD /* SceneDelegate.swift */,
				31072BA52549F8F900ECBA34 /* Store.swift */,
				3161D12A2512A2B700AAFCCD /* Assets.xcassets */,
				3161D12F2512A2B700AAFCCD /* LaunchScreen.storyboard */,
				3161D1322512A2B700AAFCCD /* Info.plist */,
				3161D12C2512A2B700AAFCCD /* Preview Content */,
			);
			path = Visits;
			sourceTree = "<group>";
		};
		3161D12C2512A2B700AAFCCD /* Preview Content */ = {
			isa = PBXGroup;
			children = (
				3161D12D2512A2B700AAFCCD /* Preview Assets.xcassets */,
			);
			path = "Preview Content";
			sourceTree = "<group>";
		};
		3161D13A2512A2B700AAFCCD /* VisitsTests */ = {
			isa = PBXGroup;
			children = (
				3161D13B2512A2B700AAFCCD /* VisitsTests.swift */,
				3161D13D2512A2B700AAFCCD /* Info.plist */,
			);
			path = VisitsTests;
			sourceTree = "<group>";
		};
		316AA86625480B0C00FC3D55 /* Screen */ = {
			isa = PBXGroup;
			children = (
				316AA8642547FFBA00FC3D55 /* AppScreen */,
				31072BCD254C765B00ECBA34 /* BlockerScreen */,
				31F2E95A251BD2520081C9BE /* DeepLinkScreen */,
				31072BCA254C60E300ECBA34 /* DriverIDScreen */,
				31FA078E25657969008B84F4 /* LoadingScreen */,
				3148A8552587BDF100F61453 /* MapScreen */,
				31072BBB254BF54300ECBA34 /* SignInScreen */,
				311E240C25594D6F002A122E /* VisitScreen */,
				31F0726525592399002A7A53 /* VisitsScreen */,
			);
			path = Screen;
			sourceTree = "<group>";
		};
		316AA86925480B2800FC3D55 /* Logic */ = {
			isa = PBXGroup;
			children = (
				31AC38802545CCE500D29345 /* App */,
				31072BB7254AAE7D00ECBA34 /* DeepLink */,
			);
			path = Logic;
			sourceTree = "<group>";
		};
		316AA86A25480B3B00FC3D55 /* Dependency */ = {
			isa = PBXGroup;
			children = (
				31E17537255C3C9D00DF5219 /* APIEnvironment */,
				31072BAB254A0DF800ECBA34 /* Architecture */,
				31072B932548BB9000ECBA34 /* DeepLinkEnvironment */,
				31E17532255C098200DF5219 /* HapticFeedbackEnvironment */,
				31F072562554091F002A7A53 /* HyperTrackEnvironment */,
				3117579C25702B51004CB568 /* Log */,
				31E1752F255C028600DF5219 /* MapEnvironment */,
				31F072512553EBFE002A7A53 /* NetworkEnvironment */,
				31E1752C255BFF3A00DF5219 /* PasteboardEnvironment */,
				31F4CC0C25BF2CBF00F6BBE8 /* PushEnvironment */,
				31466FD82552EF4900247BDA /* StateRestorationEnvironment */,
			);
			path = Dependency;
			sourceTree = "<group>";
		};
		319453C025483F8600D86A04 /* Adapter */ = {
			isa = PBXGroup;
			children = (
				319453CB2548417700D86A04 /* AppAdapter */,
			);
			path = Adapter;
			sourceTree = "<group>";
		};
		319453C225483FB500D86A04 /* Types */ = {
			isa = PBXGroup;
			children = (
				31B7A37A257E84F200EE5C65 /* GeoJSON */,
				314A14D9255069070061892F /* Coordinate */,
				31466FD32551F8A000247BDA /* Credentials */,
				31466FD02551EBB600247BDA /* DeviceID */,
				318E585E2546BA7200EAA61A /* DriverID */,
				3189AFB2256D98FE00A081C0 /* History */,
				31072BD3254DEEAE00ECBA34 /* ManualVisitsStatus */,
				318E585C2546B7EA00EAA61A /* PublishableKey */,
				31B7CB3D25B9FC8D00CBDF95 /* PushStatus */,
				31F0724D2553E75F002A7A53 /* RestorationState */,
				31F0725C2555E5E2002A7A53 /* SDK */,
				31B262E52575835A00280DDF /* TabSelection */,
				314A14D5254FEF2B0061892F /* Visit */,
			);
			path = Types;
			sourceTree = "<group>";
		};
		31F2E95D251BD2FF0081C9BE /* Frameworks */ = {
			isa = PBXGroup;
			children = (
				315EAEA1255C85A10038F304 /* AWSAuthCore.framework */,
				315EAEA4255C85A10038F304 /* AWSCognitoIdentityProvider.framework */,
				315EAEA3255C85A10038F304 /* AWSCognitoIdentityProviderASF.framework */,
				315EAEA5255C85A10038F304 /* AWSCore.framework */,
				315EAEA2255C85A10038F304 /* AWSMobileClient.framework */,
				31E1754F255C4D0A00DF5219 /* AWSAuthCore.framework */,
				31E1754E255C4D0A00DF5219 /* AWSCognitoIdentityProvider.framework */,
				31E1754B255C4D0A00DF5219 /* AWSCognitoIdentityProviderASF.framework */,
				31E1754C255C4D0A00DF5219 /* AWSCore.framework */,
				31E1754D255C4D0A00DF5219 /* AWSMobileClient.framework */,
				31E17540255C4C8B00DF5219 /* AWSAuthCore.framework */,
				31E1753E255C4C8B00DF5219 /* AWSCognitoIdentityProvider.framework */,
				31E1753D255C4C8B00DF5219 /* AWSCognitoIdentityProviderASF.framework */,
				31E1753F255C4C8B00DF5219 /* AWSCore.framework */,
				31E17539255C4C3000DF5219 /* AWSMobileClient.framework */,
			);
			name = Frameworks;
			sourceTree = "<group>";
		};
/* End PBXGroup section */

/* Begin PBXNativeTarget section */
		3161D1202512A2B500AAFCCD /* Visits */ = {
			isa = PBXNativeTarget;
			buildConfigurationList = 3161D14B2512A2B700AAFCCD /* Build configuration list for PBXNativeTarget "Visits" */;
			buildPhases = (
				3161D11D2512A2B500AAFCCD /* Sources */,
				3161D11E2512A2B500AAFCCD /* Frameworks */,
				3161D11F2512A2B500AAFCCD /* Resources */,
				3176B587254049B4002E41C2 /* Embed Frameworks */,
			);
			buildRules = (
			);
			dependencies = (
			);
			name = Visits;
			packageProductDependencies = (
				3161D1722512AE7900AAFCCD /* ComposableArchitecture */,
				31AC38822545CD4C00D29345 /* App */,
				318E586D25476B9700EAA61A /* AppLive */,
				319453B9254835D400D86A04 /* AppScreen */,
				319453CD2548602400D86A04 /* AppAdapter */,
				319453D42548674E00D86A04 /* Prelude */,
				31072BAE254A0EA500ECBA34 /* Architecture */,
				31E17529255AF9AB00DF5219 /* HyperTrack */,
			);
			productName = Visits;
			productReference = 3161D1212512A2B500AAFCCD /* Visits.app */;
			productType = "com.apple.product-type.application";
		};
		3161D1362512A2B700AAFCCD /* VisitsTests */ = {
			isa = PBXNativeTarget;
			buildConfigurationList = 3161D14E2512A2B700AAFCCD /* Build configuration list for PBXNativeTarget "VisitsTests" */;
			buildPhases = (
				3161D1332512A2B700AAFCCD /* Sources */,
				3161D1342512A2B700AAFCCD /* Frameworks */,
				3161D1352512A2B700AAFCCD /* Resources */,
			);
			buildRules = (
			);
			dependencies = (
				3161D1392512A2B700AAFCCD /* PBXTargetDependency */,
			);
			name = VisitsTests;
			productName = VisitsTests;
			productReference = 3161D1372512A2B700AAFCCD /* VisitsTests.xctest */;
			productType = "com.apple.product-type.bundle.unit-test";
		};
/* End PBXNativeTarget section */

/* Begin PBXProject section */
		3161D1192512A2B500AAFCCD /* Project object */ = {
			isa = PBXProject;
			attributes = {
				LastSwiftUpdateCheck = 1200;
				LastUpgradeCheck = 1200;
				TargetAttributes = {
					3161D1202512A2B500AAFCCD = {
						CreatedOnToolsVersion = 12.0;
					};
					3161D1362512A2B700AAFCCD = {
						CreatedOnToolsVersion = 12.0;
						TestTargetID = 3161D1202512A2B500AAFCCD;
					};
				};
			};
			buildConfigurationList = 3161D11C2512A2B500AAFCCD /* Build configuration list for PBXProject "Visits" */;
			compatibilityVersion = "Xcode 9.3";
			developmentRegion = en;
			hasScannedForEncodings = 0;
			knownRegions = (
				en,
				Base,
			);
			mainGroup = 3161D1182512A2B500AAFCCD;
			packageReferences = (
				3161D1712512AE7900AAFCCD /* XCRemoteSwiftPackageReference "swift-composable-architecture" */,
				319453D32548674E00D86A04 /* XCRemoteSwiftPackageReference "prelude-swift" */,
				31E17528255AF9AB00DF5219 /* XCRemoteSwiftPackageReference "sdk-ios" */,
				313C767C255EE14E009BE86C /* XCRemoteSwiftPackageReference "views-swiftui" */,
			);
			productRefGroup = 3161D1222512A2B500AAFCCD /* Products */;
			projectDirPath = "";
			projectRoot = "";
			targets = (
				3161D1202512A2B500AAFCCD /* Visits */,
				3161D1362512A2B700AAFCCD /* VisitsTests */,
			);
		};
/* End PBXProject section */

/* Begin PBXResourcesBuildPhase section */
		3161D11F2512A2B500AAFCCD /* Resources */ = {
			isa = PBXResourcesBuildPhase;
			buildActionMask = 2147483647;
			files = (
				3161D1312512A2B700AAFCCD /* LaunchScreen.storyboard in Resources */,
				3161D12E2512A2B700AAFCCD /* Preview Assets.xcassets in Resources */,
				3161D12B2512A2B700AAFCCD /* Assets.xcassets in Resources */,
			);
			runOnlyForDeploymentPostprocessing = 0;
		};
		3161D1352512A2B700AAFCCD /* Resources */ = {
			isa = PBXResourcesBuildPhase;
			buildActionMask = 2147483647;
			files = (
			);
			runOnlyForDeploymentPostprocessing = 0;
		};
/* End PBXResourcesBuildPhase section */

/* Begin PBXSourcesBuildPhase section */
		3161D11D2512A2B500AAFCCD /* Sources */ = {
			isa = PBXSourcesBuildPhase;
			buildActionMask = 2147483647;
			files = (
				316E08EC2587F6B600CE8FA4 /* UIAppearance.swift in Sources */,
				31072BA62549F8F900ECBA34 /* Store.swift in Sources */,
				3161D1252512A2B500AAFCCD /* AppDelegate.swift in Sources */,
				3161D1272512A2B500AAFCCD /* SceneDelegate.swift in Sources */,
			);
			runOnlyForDeploymentPostprocessing = 0;
		};
		3161D1332512A2B700AAFCCD /* Sources */ = {
			isa = PBXSourcesBuildPhase;
			buildActionMask = 2147483647;
			files = (
				3161D13C2512A2B700AAFCCD /* VisitsTests.swift in Sources */,
			);
			runOnlyForDeploymentPostprocessing = 0;
		};
/* End PBXSourcesBuildPhase section */

/* Begin PBXTargetDependency section */
		3161D1392512A2B700AAFCCD /* PBXTargetDependency */ = {
			isa = PBXTargetDependency;
			target = 3161D1202512A2B500AAFCCD /* Visits */;
			targetProxy = 3161D1382512A2B700AAFCCD /* PBXContainerItemProxy */;
		};
/* End PBXTargetDependency section */

/* Begin PBXVariantGroup section */
		3161D12F2512A2B700AAFCCD /* LaunchScreen.storyboard */ = {
			isa = PBXVariantGroup;
			children = (
				3161D1302512A2B700AAFCCD /* Base */,
			);
			name = LaunchScreen.storyboard;
			sourceTree = "<group>";
		};
/* End PBXVariantGroup section */

/* Begin XCBuildConfiguration section */
		3161D1492512A2B700AAFCCD /* Debug */ = {
			isa = XCBuildConfiguration;
			buildSettings = {
				ALWAYS_EMBED_SWIFT_STANDARD_LIBRARIES = YES;
				ALWAYS_SEARCH_USER_PATHS = NO;
				CLANG_ANALYZER_NONNULL = YES;
				CLANG_ANALYZER_NUMBER_OBJECT_CONVERSION = YES_AGGRESSIVE;
				CLANG_CXX_LANGUAGE_STANDARD = "gnu++14";
				CLANG_CXX_LIBRARY = "libc++";
				CLANG_ENABLE_MODULES = YES;
				CLANG_ENABLE_OBJC_ARC = YES;
				CLANG_ENABLE_OBJC_WEAK = YES;
				CLANG_WARN_BLOCK_CAPTURE_AUTORELEASING = YES;
				CLANG_WARN_BOOL_CONVERSION = YES;
				CLANG_WARN_COMMA = YES;
				CLANG_WARN_CONSTANT_CONVERSION = YES;
				CLANG_WARN_DEPRECATED_OBJC_IMPLEMENTATIONS = YES;
				CLANG_WARN_DIRECT_OBJC_ISA_USAGE = YES_ERROR;
				CLANG_WARN_DOCUMENTATION_COMMENTS = YES;
				CLANG_WARN_EMPTY_BODY = YES;
				CLANG_WARN_ENUM_CONVERSION = YES;
				CLANG_WARN_INFINITE_RECURSION = YES;
				CLANG_WARN_INT_CONVERSION = YES;
				CLANG_WARN_NON_LITERAL_NULL_CONVERSION = YES;
				CLANG_WARN_OBJC_IMPLICIT_RETAIN_SELF = YES;
				CLANG_WARN_OBJC_LITERAL_CONVERSION = YES;
				CLANG_WARN_OBJC_ROOT_CLASS = YES_ERROR;
				CLANG_WARN_QUOTED_INCLUDE_IN_FRAMEWORK_HEADER = YES;
				CLANG_WARN_RANGE_LOOP_ANALYSIS = YES;
				CLANG_WARN_STRICT_PROTOTYPES = YES;
				CLANG_WARN_SUSPICIOUS_MOVE = YES;
				CLANG_WARN_UNGUARDED_AVAILABILITY = YES_AGGRESSIVE;
				CLANG_WARN_UNREACHABLE_CODE = YES;
				CLANG_WARN__DUPLICATE_METHOD_MATCH = YES;
				COPY_PHASE_STRIP = NO;
				DEBUG_INFORMATION_FORMAT = dwarf;
				ENABLE_STRICT_OBJC_MSGSEND = YES;
				ENABLE_TESTABILITY = YES;
				GCC_C_LANGUAGE_STANDARD = gnu11;
				GCC_DYNAMIC_NO_PIC = NO;
				GCC_NO_COMMON_BLOCKS = YES;
				GCC_OPTIMIZATION_LEVEL = 0;
				GCC_PREPROCESSOR_DEFINITIONS = (
					"DEBUG=1",
					"$(inherited)",
				);
				GCC_WARN_64_TO_32_BIT_CONVERSION = YES;
				GCC_WARN_ABOUT_RETURN_TYPE = YES_ERROR;
				GCC_WARN_UNDECLARED_SELECTOR = YES;
				GCC_WARN_UNINITIALIZED_AUTOS = YES_AGGRESSIVE;
				GCC_WARN_UNUSED_FUNCTION = YES;
				GCC_WARN_UNUSED_VARIABLE = YES;
				IPHONEOS_DEPLOYMENT_TARGET = 13.0;
				MTL_ENABLE_DEBUG_INFO = INCLUDE_SOURCE;
				MTL_FAST_MATH = YES;
				ONLY_ACTIVE_ARCH = YES;
				SDKROOT = iphoneos;
				SWIFT_ACTIVE_COMPILATION_CONDITIONS = DEBUG;
				SWIFT_OPTIMIZATION_LEVEL = "-Onone";
			};
			name = Debug;
		};
		3161D14A2512A2B700AAFCCD /* Release */ = {
			isa = XCBuildConfiguration;
			buildSettings = {
				ALWAYS_EMBED_SWIFT_STANDARD_LIBRARIES = YES;
				ALWAYS_SEARCH_USER_PATHS = NO;
				CLANG_ANALYZER_NONNULL = YES;
				CLANG_ANALYZER_NUMBER_OBJECT_CONVERSION = YES_AGGRESSIVE;
				CLANG_CXX_LANGUAGE_STANDARD = "gnu++14";
				CLANG_CXX_LIBRARY = "libc++";
				CLANG_ENABLE_MODULES = YES;
				CLANG_ENABLE_OBJC_ARC = YES;
				CLANG_ENABLE_OBJC_WEAK = YES;
				CLANG_WARN_BLOCK_CAPTURE_AUTORELEASING = YES;
				CLANG_WARN_BOOL_CONVERSION = YES;
				CLANG_WARN_COMMA = YES;
				CLANG_WARN_CONSTANT_CONVERSION = YES;
				CLANG_WARN_DEPRECATED_OBJC_IMPLEMENTATIONS = YES;
				CLANG_WARN_DIRECT_OBJC_ISA_USAGE = YES_ERROR;
				CLANG_WARN_DOCUMENTATION_COMMENTS = YES;
				CLANG_WARN_EMPTY_BODY = YES;
				CLANG_WARN_ENUM_CONVERSION = YES;
				CLANG_WARN_INFINITE_RECURSION = YES;
				CLANG_WARN_INT_CONVERSION = YES;
				CLANG_WARN_NON_LITERAL_NULL_CONVERSION = YES;
				CLANG_WARN_OBJC_IMPLICIT_RETAIN_SELF = YES;
				CLANG_WARN_OBJC_LITERAL_CONVERSION = YES;
				CLANG_WARN_OBJC_ROOT_CLASS = YES_ERROR;
				CLANG_WARN_QUOTED_INCLUDE_IN_FRAMEWORK_HEADER = YES;
				CLANG_WARN_RANGE_LOOP_ANALYSIS = YES;
				CLANG_WARN_STRICT_PROTOTYPES = YES;
				CLANG_WARN_SUSPICIOUS_MOVE = YES;
				CLANG_WARN_UNGUARDED_AVAILABILITY = YES_AGGRESSIVE;
				CLANG_WARN_UNREACHABLE_CODE = YES;
				CLANG_WARN__DUPLICATE_METHOD_MATCH = YES;
				COPY_PHASE_STRIP = NO;
				DEBUG_INFORMATION_FORMAT = "dwarf-with-dsym";
				ENABLE_NS_ASSERTIONS = NO;
				ENABLE_STRICT_OBJC_MSGSEND = YES;
				GCC_C_LANGUAGE_STANDARD = gnu11;
				GCC_NO_COMMON_BLOCKS = YES;
				GCC_WARN_64_TO_32_BIT_CONVERSION = YES;
				GCC_WARN_ABOUT_RETURN_TYPE = YES_ERROR;
				GCC_WARN_UNDECLARED_SELECTOR = YES;
				GCC_WARN_UNINITIALIZED_AUTOS = YES_AGGRESSIVE;
				GCC_WARN_UNUSED_FUNCTION = YES;
				GCC_WARN_UNUSED_VARIABLE = YES;
				IPHONEOS_DEPLOYMENT_TARGET = 13.0;
				MTL_ENABLE_DEBUG_INFO = NO;
				MTL_FAST_MATH = YES;
				SDKROOT = iphoneos;
				SWIFT_COMPILATION_MODE = wholemodule;
				SWIFT_OPTIMIZATION_LEVEL = "-O";
				VALIDATE_PRODUCT = YES;
			};
			name = Release;
		};
		3161D14C2512A2B700AAFCCD /* Debug */ = {
			isa = XCBuildConfiguration;
			buildSettings = {
				ASSETCATALOG_COMPILER_APPICON_NAME = AppIcon;
				ASSETCATALOG_COMPILER_GLOBAL_ACCENT_COLOR_NAME = AccentColor;
				CODE_SIGN_ENTITLEMENTS = Visits/Visits.entitlements;
				CODE_SIGN_STYLE = Automatic;
				CURRENT_PROJECT_VERSION = 30;
				DEVELOPMENT_ASSET_PATHS = "\"Visits/Preview Content\"";
				DEVELOPMENT_TEAM = H4925W78YQ;
				ENABLE_PREVIEWS = YES;
				FRAMEWORK_SEARCH_PATHS = "$(inherited)";
				INFOPLIST_FILE = Visits/Info.plist;
				LD_RUNPATH_SEARCH_PATHS = (
					"$(inherited)",
					"@executable_path/Frameworks",
				);
				MARKETING_VERSION = 2.2.0;
				PRODUCT_BUNDLE_IDENTIFIER = com.hypertrack.logistics.ios.store;
				PRODUCT_NAME = "$(TARGET_NAME)";
				SWIFT_VERSION = 5.0;
				TARGETED_DEVICE_FAMILY = "1,2";
			};
			name = Debug;
		};
		3161D14D2512A2B700AAFCCD /* Release */ = {
			isa = XCBuildConfiguration;
			buildSettings = {
				ASSETCATALOG_COMPILER_APPICON_NAME = AppIcon;
				ASSETCATALOG_COMPILER_GLOBAL_ACCENT_COLOR_NAME = AccentColor;
				CODE_SIGN_ENTITLEMENTS = Visits/Visits.entitlements;
				CODE_SIGN_STYLE = Automatic;
				CURRENT_PROJECT_VERSION = 30;
				DEVELOPMENT_ASSET_PATHS = "\"Visits/Preview Content\"";
				DEVELOPMENT_TEAM = H4925W78YQ;
				ENABLE_PREVIEWS = YES;
				FRAMEWORK_SEARCH_PATHS = "$(inherited)";
				INFOPLIST_FILE = Visits/Info.plist;
				LD_RUNPATH_SEARCH_PATHS = (
					"$(inherited)",
					"@executable_path/Frameworks",
				);
				MARKETING_VERSION = 2.2.0;
				PRODUCT_BUNDLE_IDENTIFIER = com.hypertrack.logistics.ios.store;
				PRODUCT_NAME = "$(TARGET_NAME)";
				SWIFT_VERSION = 5.0;
				TARGETED_DEVICE_FAMILY = "1,2";
			};
			name = Release;
		};
		3161D14F2512A2B700AAFCCD /* Debug */ = {
			isa = XCBuildConfiguration;
			buildSettings = {
				ALWAYS_EMBED_SWIFT_STANDARD_LIBRARIES = YES;
				BUNDLE_LOADER = "$(TEST_HOST)";
				CODE_SIGN_STYLE = Automatic;
				DEVELOPMENT_TEAM = H4925W78YQ;
				INFOPLIST_FILE = VisitsTests/Info.plist;
				IPHONEOS_DEPLOYMENT_TARGET = 14.0;
				LD_RUNPATH_SEARCH_PATHS = (
					"$(inherited)",
					"@executable_path/Frameworks",
					"@loader_path/Frameworks",
				);
				PRODUCT_BUNDLE_IDENTIFIER = com.hypertrack.VisitsTests;
				PRODUCT_NAME = "$(TARGET_NAME)";
				SWIFT_VERSION = 5.0;
				TARGETED_DEVICE_FAMILY = "1,2";
				TEST_HOST = "$(BUILT_PRODUCTS_DIR)/Visits.app/Visits";
			};
			name = Debug;
		};
		3161D1502512A2B700AAFCCD /* Release */ = {
			isa = XCBuildConfiguration;
			buildSettings = {
				ALWAYS_EMBED_SWIFT_STANDARD_LIBRARIES = YES;
				BUNDLE_LOADER = "$(TEST_HOST)";
				CODE_SIGN_STYLE = Automatic;
				DEVELOPMENT_TEAM = H4925W78YQ;
				INFOPLIST_FILE = VisitsTests/Info.plist;
				IPHONEOS_DEPLOYMENT_TARGET = 14.0;
				LD_RUNPATH_SEARCH_PATHS = (
					"$(inherited)",
					"@executable_path/Frameworks",
					"@loader_path/Frameworks",
				);
				PRODUCT_BUNDLE_IDENTIFIER = com.hypertrack.VisitsTests;
				PRODUCT_NAME = "$(TARGET_NAME)";
				SWIFT_VERSION = 5.0;
				TARGETED_DEVICE_FAMILY = "1,2";
				TEST_HOST = "$(BUILT_PRODUCTS_DIR)/Visits.app/Visits";
			};
			name = Release;
		};
/* End XCBuildConfiguration section */

/* Begin XCConfigurationList section */
		3161D11C2512A2B500AAFCCD /* Build configuration list for PBXProject "Visits" */ = {
			isa = XCConfigurationList;
			buildConfigurations = (
				3161D1492512A2B700AAFCCD /* Debug */,
				3161D14A2512A2B700AAFCCD /* Release */,
			);
			defaultConfigurationIsVisible = 0;
			defaultConfigurationName = Release;
		};
		3161D14B2512A2B700AAFCCD /* Build configuration list for PBXNativeTarget "Visits" */ = {
			isa = XCConfigurationList;
			buildConfigurations = (
				3161D14C2512A2B700AAFCCD /* Debug */,
				3161D14D2512A2B700AAFCCD /* Release */,
			);
			defaultConfigurationIsVisible = 0;
			defaultConfigurationName = Release;
		};
		3161D14E2512A2B700AAFCCD /* Build configuration list for PBXNativeTarget "VisitsTests" */ = {
			isa = XCConfigurationList;
			buildConfigurations = (
				3161D14F2512A2B700AAFCCD /* Debug */,
				3161D1502512A2B700AAFCCD /* Release */,
			);
			defaultConfigurationIsVisible = 0;
			defaultConfigurationName = Release;
		};
/* End XCConfigurationList section */

/* Begin XCRemoteSwiftPackageReference section */
		313C767C255EE14E009BE86C /* XCRemoteSwiftPackageReference "views-swiftui" */ = {
			isa = XCRemoteSwiftPackageReference;
			repositoryURL = "https://github.com/hypertrack/views-swiftui";
			requirement = {
				kind = exactVersion;
				version = 0.0.6;
			};
		};
		3161D1712512AE7900AAFCCD /* XCRemoteSwiftPackageReference "swift-composable-architecture" */ = {
			isa = XCRemoteSwiftPackageReference;
			repositoryURL = "https://github.com/pointfreeco/swift-composable-architecture";
			requirement = {
				kind = exactVersion;
				version = 0.10.0;
			};
		};
		319453D32548674E00D86A04 /* XCRemoteSwiftPackageReference "prelude-swift" */ = {
			isa = XCRemoteSwiftPackageReference;
			repositoryURL = "https://github.com/hypertrack/prelude-swift";
			requirement = {
				kind = exactVersion;
				version = 0.0.11;
			};
		};
		31E17528255AF9AB00DF5219 /* XCRemoteSwiftPackageReference "sdk-ios" */ = {
			isa = XCRemoteSwiftPackageReference;
			repositoryURL = "https://github.com/hypertrack/sdk-ios";
			requirement = {
				kind = exactVersion;
				version = 4.7.0;
			};
		};
/* End XCRemoteSwiftPackageReference section */

/* Begin XCSwiftPackageProductDependency section */
		31072BAE254A0EA500ECBA34 /* Architecture */ = {
			isa = XCSwiftPackageProductDependency;
			productName = Architecture;
		};
		3161D1722512AE7900AAFCCD /* ComposableArchitecture */ = {
			isa = XCSwiftPackageProductDependency;
			package = 3161D1712512AE7900AAFCCD /* XCRemoteSwiftPackageReference "swift-composable-architecture" */;
			productName = ComposableArchitecture;
		};
		318E586D25476B9700EAA61A /* AppLive */ = {
			isa = XCSwiftPackageProductDependency;
			productName = AppLive;
		};
		319453B9254835D400D86A04 /* AppScreen */ = {
			isa = XCSwiftPackageProductDependency;
			productName = AppScreen;
		};
		319453CD2548602400D86A04 /* AppAdapter */ = {
			isa = XCSwiftPackageProductDependency;
			productName = AppAdapter;
		};
		319453D42548674E00D86A04 /* Prelude */ = {
			isa = XCSwiftPackageProductDependency;
			package = 319453D32548674E00D86A04 /* XCRemoteSwiftPackageReference "prelude-swift" */;
			productName = Prelude;
		};
		31AC38822545CD4C00D29345 /* App */ = {
			isa = XCSwiftPackageProductDependency;
			productName = App;
		};
		31E17529255AF9AB00DF5219 /* HyperTrack */ = {
			isa = XCSwiftPackageProductDependency;
			package = 31E17528255AF9AB00DF5219 /* XCRemoteSwiftPackageReference "sdk-ios" */;
			productName = HyperTrack;
		};
/* End XCSwiftPackageProductDependency section */
	};
	rootObject = 3161D1192512A2B500AAFCCD /* Project object */;
}
